{
    "name": "mcp-cli-metadata",
    "version": "1.0.0",
    "lockfileVersion": 3,
    "requires": true,
    "packages": {
        "": {
            "name": "mcp-cli-metadata",
            "version": "1.0.0",
            "license": "ISC",
            "dependencies": {
                "@azure/mcp": "3.0.0-beta.47"
            },
            "engines": {
                "node": ">=22.0.0"
            }
        },
        "node_modules/@azure/mcp": {
            "version": "3.0.0-beta.47",
            "resolved": "https://registry.npmjs.org/@azure/mcp/-/mcp-3.0.0-beta.47.tgz",
            "integrity": "sha512-Rm0dcRK9MaSIJ7KbIqQnbQxMbOBkZvNQgsykw/kq7D0mH27fRolYQlkDphcGk3qpwiEqDh/qhZxiFd2nMVe9FA==",
            "cpu": [
                "x64",
                "arm64"
            ],
            "hasInstallScript": true,
            "license": "MIT",
            "os": [
                "linux",
                "darwin",
                "win32"
            ],
            "bin": {
                "azmcp": "index.js"
            },
            "engines": {
                "node": ">=22.0.0"
            },
            "optionalDependencies": {
                "@azure/mcp-darwin-arm64": "3.0.0-beta.47",
                "@azure/mcp-darwin-x64": "3.0.0-beta.47",
                "@azure/mcp-linux-arm64": "3.0.0-beta.47",
                "@azure/mcp-linux-x64": "3.0.0-beta.47",
                "@azure/mcp-win32-arm64": "3.0.0-beta.47",
                "@azure/mcp-win32-x64": "3.0.0-beta.47"
            }
        },
        "node_modules/@azure/mcp-darwin-arm64": {
            "version": "3.0.0-beta.47",
            "resolved": "https://registry.npmjs.org/@azure/mcp-darwin-arm64/-/mcp-darwin-arm64-3.0.0-beta.47.tgz",
            "integrity": "sha512-JdV7OdzBvSexBJsmaPc5tike/u0GPxbjpuSsk7hn7xfgTgod+xmDRY0BhzWfgyDJnliL00JzfJNIKmgP9zi0ow==",
            "cpu": [
                "arm64"
            ],
            "license": "MIT",
            "optional": true,
            "os": [
                "darwin"
            ],
            "bin": {
                "azmcp-darwin-arm64": "dist/azmcp"
            },
            "engines": {
                "node": ">=22.0.0"
            }
        },
        "node_modules/@azure/mcp-darwin-x64": {
            "version": "3.0.0-beta.47",
            "resolved": "https://registry.npmjs.org/@azure/mcp-darwin-x64/-/mcp-darwin-x64-3.0.0-beta.47.tgz",
            "integrity": "sha512-GCfOi2MkYH4l9S2hUFMIiZql95FGWd236FXfyNMhvmh1OfE1CS0yzvOydaftr72ew6ODkufx8g3ByIJLsZzn4Q==",
            "cpu": [
                "x64"
            ],
            "license": "MIT",
            "optional": true,
            "os": [
                "darwin"
            ],
            "bin": {
                "azmcp-darwin-x64": "dist/azmcp"
            },
            "engines": {
                "node": ">=22.0.0"
            }
        },
        "node_modules/@azure/mcp-linux-arm64": {
            "version": "3.0.0-beta.47",
            "resolved": "https://registry.npmjs.org/@azure/mcp-linux-arm64/-/mcp-linux-arm64-3.0.0-beta.47.tgz",
            "integrity": "sha512-MDCLPyjzSQ1rR7U1NEeKUMy63gfHsaYUvVI88LYxWp5soHIb4Ffn428g54pWUXuJr7zgICgcJBl5BhYxHBs42g==",
            "cpu": [
                "arm64"
            ],
            "license": "MIT",
            "optional": true,
            "os": [
                "linux"
            ],
            "bin": {
                "azmcp-linux-arm64": "dist/azmcp"
            },
            "engines": {
                "node": ">=22.0.0"
            }
        },
        "node_modules/@azure/mcp-linux-x64": {
            "version": "3.0.0-beta.47",
            "resolved": "https://registry.npmjs.org/@azure/mcp-linux-x64/-/mcp-linux-x64-3.0.0-beta.47.tgz",
            "integrity": "sha512-xB8L+OajIt1/zcdRQbx6FrjkZGO4j5w51TkxAlifQArLxRwP/mcoOzqdINpItAQqlR78mDBO+spuGs82HOQnGQ==",
            "cpu": [
                "x64"
            ],
            "license": "MIT",
            "optional": true,
            "os": [
                "linux"
            ],
            "bin": {
                "azmcp-linux-x64": "dist/azmcp"
            },
            "engines": {
                "node": ">=22.0.0"
            }
        },
        "node_modules/@azure/mcp-win32-arm64": {
            "version": "3.0.0-beta.47",
            "resolved": "https://registry.npmjs.org/@azure/mcp-win32-arm64/-/mcp-win32-arm64-3.0.0-beta.47.tgz",
            "integrity": "sha512-G0pdcMUmmqKi0KOvCXFqKi8VnLIEdySi8QH54SVIS2uqtoelA5TbgnFzAI27zTpUMM+CFAKcfJNbbFETne51Gg==",
            "cpu": [
                "arm64"
            ],
            "license": "MIT",
            "optional": true,
            "os": [
                "win32"
            ],
            "bin": {
                "azmcp-win32-arm64": "dist/azmcp.exe"
            },
            "engines": {
                "node": ">=22.0.0"
            }
        },
        "node_modules/@azure/mcp-win32-x64": {
            "version": "3.0.0-beta.47",
            "resolved": "https://registry.npmjs.org/@azure/mcp-win32-x64/-/mcp-win32-x64-3.0.0-beta.47.tgz",
            "integrity": "sha512-iQJgfLEDyHEqJlSMcT2uBwEhQFiMnTtLgMKkPMJvOE0/YXxBJc0XSF7Y4w++dN148bc70G+X03Q8IauAVkf3Rw==",
            "cpu": [
                "x64"
            ],
            "license": "MIT",
            "optional": true,
            "os": [
                "win32"
            ],
            "bin": {
                "azmcp-win32-x64": "dist/azmcp.exe"
            },
            "engines": {
                "node": ">=22.0.0"
            }
        }
    }
}
