{
    "name": "mcp-cli-metadata",
    "version": "1.0.0",
    "lockfileVersion": 3,
    "requires": true,
    "packages": {
        "": {
            "name": "mcp-cli-metadata",
            "version": "1.0.0",
            "license": "ISC",
            "dependencies": {
                "@azure/mcp": "3.0.0-beta.48"
            },
            "engines": {
                "node": ">=22.0.0"
            }
        },
        "node_modules/@azure/mcp": {
            "version": "3.0.0-beta.48",
            "resolved": "https://registry.npmjs.org/@azure/mcp/-/mcp-3.0.0-beta.48.tgz",
            "integrity": "sha512-ruAF/jBBZVoxB5u4olZQJ9kajFUSWwQrgBhcudLeGggBwgIu4czGGvhZ+QsFaT3FckrcMtUaaC0esBLO989H1w==",
            "cpu": [
                "x64",
                "arm64"
            ],
            "hasInstallScript": true,
            "license": "MIT",
            "os": [
                "linux",
                "darwin",
                "win32"
            ],
            "bin": {
                "azmcp": "index.js"
            },
            "engines": {
                "node": ">=22.0.0"
            },
            "optionalDependencies": {
                "@azure/mcp-darwin-arm64": "3.0.0-beta.48",
                "@azure/mcp-darwin-x64": "3.0.0-beta.48",
                "@azure/mcp-linux-arm64": "3.0.0-beta.48",
                "@azure/mcp-linux-x64": "3.0.0-beta.48",
                "@azure/mcp-win32-arm64": "3.0.0-beta.48",
                "@azure/mcp-win32-x64": "3.0.0-beta.48"
            }
        },
        "node_modules/@azure/mcp-darwin-arm64": {
            "version": "3.0.0-beta.48",
            "resolved": "https://registry.npmjs.org/@azure/mcp-darwin-arm64/-/mcp-darwin-arm64-3.0.0-beta.48.tgz",
            "integrity": "sha512-icyac06pNXbF3LOAepCjWUS2fjXcjaOW5fa9RHJ7kp5eyuGEZFsjL99JApRyfVpT2xjYITNIAFP7E8mysGIB+g==",
            "cpu": [
                "arm64"
            ],
            "license": "MIT",
            "optional": true,
            "os": [
                "darwin"
            ],
            "bin": {
                "azmcp-darwin-arm64": "dist/azmcp"
            },
            "engines": {
                "node": ">=22.0.0"
            }
        },
        "node_modules/@azure/mcp-darwin-x64": {
            "version": "3.0.0-beta.48",
            "resolved": "https://registry.npmjs.org/@azure/mcp-darwin-x64/-/mcp-darwin-x64-3.0.0-beta.48.tgz",
            "integrity": "sha512-Thj0J9oMPlBPaTSlPQ/hx1KLz4ZUF9KfFieNABD2gZrEANVVCUtRsFDoPObeBlz5G8dzjRRYZZUE841kaoow2g==",
            "cpu": [
                "x64"
            ],
            "license": "MIT",
            "optional": true,
            "os": [
                "darwin"
            ],
            "bin": {
                "azmcp-darwin-x64": "dist/azmcp"
            },
            "engines": {
                "node": ">=22.0.0"
            }
        },
        "node_modules/@azure/mcp-linux-arm64": {
            "version": "3.0.0-beta.48",
            "resolved": "https://registry.npmjs.org/@azure/mcp-linux-arm64/-/mcp-linux-arm64-3.0.0-beta.48.tgz",
            "integrity": "sha512-mwIX1CdMkJTvxmosfwjF+KjBDupiHIB3HPz0WGVYV3fHWgaO/7trwE+3IRzsAqe6uAA4/kIP5cNtKur/xzQFhA==",
            "cpu": [
                "arm64"
            ],
            "license": "MIT",
            "optional": true,
            "os": [
                "linux"
            ],
            "bin": {
                "azmcp-linux-arm64": "dist/azmcp"
            },
            "engines": {
                "node": ">=22.0.0"
            }
        },
        "node_modules/@azure/mcp-linux-x64": {
            "version": "3.0.0-beta.48",
            "resolved": "https://registry.npmjs.org/@azure/mcp-linux-x64/-/mcp-linux-x64-3.0.0-beta.48.tgz",
            "integrity": "sha512-aMb3veRTOmY805MIr2jfm27mJSui4occp7LbgE2RZkr1lFSKiCnuGZysYQFDVKyEsRarzZmr2Fdn35/4/PxaBw==",
            "cpu": [
                "x64"
            ],
            "license": "MIT",
            "optional": true,
            "os": [
                "linux"
            ],
            "bin": {
                "azmcp-linux-x64": "dist/azmcp"
            },
            "engines": {
                "node": ">=22.0.0"
            }
        },
        "node_modules/@azure/mcp-win32-arm64": {
            "version": "3.0.0-beta.48",
            "resolved": "https://registry.npmjs.org/@azure/mcp-win32-arm64/-/mcp-win32-arm64-3.0.0-beta.48.tgz",
            "integrity": "sha512-GknR+YmBV15JbUtisxZko39831uGfns6RiMunujxZMZ5yzF+3nw/sqFRtZ1dIhLrZWt+zPLUKuHPrHXoidVLpQ==",
            "cpu": [
                "arm64"
            ],
            "license": "MIT",
            "optional": true,
            "os": [
                "win32"
            ],
            "bin": {
                "azmcp-win32-arm64": "dist/azmcp.exe"
            },
            "engines": {
                "node": ">=22.0.0"
            }
        },
        "node_modules/@azure/mcp-win32-x64": {
            "version": "3.0.0-beta.48",
            "resolved": "https://registry.npmjs.org/@azure/mcp-win32-x64/-/mcp-win32-x64-3.0.0-beta.48.tgz",
            "integrity": "sha512-q8gBkjgWYHhWioH5s4rmTBUGWRcFSv46zCGEZtd77K1uza26rM4OkW7H7tJYXQIdlTk8jXmLGvrcGBtHtW8vSA==",
            "cpu": [
                "x64"
            ],
            "license": "MIT",
            "optional": true,
            "os": [
                "win32"
            ],
            "bin": {
                "azmcp-win32-x64": "dist/azmcp.exe"
            },
            "engines": {
                "node": ">=22.0.0"
            }
        }
    }
}
