{
    "name": "mcp-cli-metadata",
    "version": "1.0.0",
    "lockfileVersion": 3,
    "requires": true,
    "packages": {
        "": {
            "name": "mcp-cli-metadata",
            "version": "1.0.0",
            "license": "ISC",
            "dependencies": {
                "@azure/mcp": "3.0.0-beta.50"
            },
            "engines": {
                "node": ">=22.0.0"
            }
        },
        "node_modules/@azure/mcp": {
            "version": "3.0.0-beta.50",
            "resolved": "https://registry.npmjs.org/@azure/mcp/-/mcp-3.0.0-beta.50.tgz",
            "integrity": "sha512-8/qLlHKhYMlq1MrMFJnIvKDhvHkoIsE6HV3UjDzIfVDzX0SnJx9tvovUdJwym/bFG2fZaO7Kfq2bDcppk9qNyA==",
            "cpu": [
                "x64",
                "arm64"
            ],
            "hasInstallScript": true,
            "license": "MIT",
            "os": [
                "linux",
                "darwin",
                "win32"
            ],
            "bin": {
                "azmcp": "index.js"
            },
            "engines": {
                "node": ">=22.0.0"
            },
            "optionalDependencies": {
                "@azure/mcp-darwin-arm64": "3.0.0-beta.50",
                "@azure/mcp-darwin-x64": "3.0.0-beta.50",
                "@azure/mcp-linux-arm64": "3.0.0-beta.50",
                "@azure/mcp-linux-x64": "3.0.0-beta.50",
                "@azure/mcp-win32-arm64": "3.0.0-beta.50",
                "@azure/mcp-win32-x64": "3.0.0-beta.50"
            }
        },
        "node_modules/@azure/mcp-darwin-arm64": {
            "version": "3.0.0-beta.50",
            "resolved": "https://registry.npmjs.org/@azure/mcp-darwin-arm64/-/mcp-darwin-arm64-3.0.0-beta.50.tgz",
            "integrity": "sha512-hU8c+LiIvMtj/suDkDZ2sNg4DGOr9wJYRexiBWKOx/UWo4tFk7wJKxKUokv2FLHEfaVDS8a5RdJfeLUqEV9lag==",
            "cpu": [
                "arm64"
            ],
            "license": "MIT",
            "optional": true,
            "os": [
                "darwin"
            ],
            "bin": {
                "azmcp-darwin-arm64": "dist/azmcp"
            },
            "engines": {
                "node": ">=22.0.0"
            }
        },
        "node_modules/@azure/mcp-darwin-x64": {
            "version": "3.0.0-beta.50",
            "resolved": "https://registry.npmjs.org/@azure/mcp-darwin-x64/-/mcp-darwin-x64-3.0.0-beta.50.tgz",
            "integrity": "sha512-RSQOjuQ65mHJeu+cV8guhV6u0Dq9WzFXCRzYp76IIePkldwbAr6gUfIRv7L4T2olzWHD8eITC69lHqXqt3ZD5Q==",
            "cpu": [
                "x64"
            ],
            "license": "MIT",
            "optional": true,
            "os": [
                "darwin"
            ],
            "bin": {
                "azmcp-darwin-x64": "dist/azmcp"
            },
            "engines": {
                "node": ">=22.0.0"
            }
        },
        "node_modules/@azure/mcp-linux-arm64": {
            "version": "3.0.0-beta.50",
            "resolved": "https://registry.npmjs.org/@azure/mcp-linux-arm64/-/mcp-linux-arm64-3.0.0-beta.50.tgz",
            "integrity": "sha512-lBgJjFkUTeWmZYoIusIck8L9PTO5EA0mVf5vBbohrEguSWyX3WGPdiWnp+hZqb9L2qwh1/T1+fZVhyyujLXwlA==",
            "cpu": [
                "arm64"
            ],
            "license": "MIT",
            "optional": true,
            "os": [
                "linux"
            ],
            "bin": {
                "azmcp-linux-arm64": "dist/azmcp"
            },
            "engines": {
                "node": ">=22.0.0"
            }
        },
        "node_modules/@azure/mcp-linux-x64": {
            "version": "3.0.0-beta.50",
            "resolved": "https://registry.npmjs.org/@azure/mcp-linux-x64/-/mcp-linux-x64-3.0.0-beta.50.tgz",
            "integrity": "sha512-9mkYUpOlizaE4hDWyD15lcd9zQuAA8pXnzI31Rb5mzN5hXUGtWCPraUNHzp6s6iovWX2TIS8X4YxjvzK+lBCKQ==",
            "cpu": [
                "x64"
            ],
            "license": "MIT",
            "optional": true,
            "os": [
                "linux"
            ],
            "bin": {
                "azmcp-linux-x64": "dist/azmcp"
            },
            "engines": {
                "node": ">=22.0.0"
            }
        },
        "node_modules/@azure/mcp-win32-arm64": {
            "version": "3.0.0-beta.50",
            "resolved": "https://registry.npmjs.org/@azure/mcp-win32-arm64/-/mcp-win32-arm64-3.0.0-beta.50.tgz",
            "integrity": "sha512-JZeDcWw8JBg9qxQOkTFj3KX5nD7mefOmHUmQ4xovN5Y7OdhZyA8m08spVTjXRWoQRDWmighPU/zxvUuRj1U2hA==",
            "cpu": [
                "arm64"
            ],
            "license": "MIT",
            "optional": true,
            "os": [
                "win32"
            ],
            "bin": {
                "azmcp-win32-arm64": "dist/azmcp.exe"
            },
            "engines": {
                "node": ">=22.0.0"
            }
        },
        "node_modules/@azure/mcp-win32-x64": {
            "version": "3.0.0-beta.50",
            "resolved": "https://registry.npmjs.org/@azure/mcp-win32-x64/-/mcp-win32-x64-3.0.0-beta.50.tgz",
            "integrity": "sha512-1tG2zZmUoWJfts2WVI0ZkrPgO6DFmqmYvN+oY/PEuAFQ7bTHSLKzJaIdkyBx4t782i7BFlPXnSeEiJIskdvQWg==",
            "cpu": [
                "x64"
            ],
            "license": "MIT",
            "optional": true,
            "os": [
                "win32"
            ],
            "bin": {
                "azmcp-win32-x64": "dist/azmcp.exe"
            },
            "engines": {
                "node": ">=22.0.0"
            }
        }
    }
}
